
Microsoft Visual Studio Solution File, Format Version 12.00
# Visual Studio 15
Project("{FAE04EC0-301F-11D3-BF4B-00C04F79EFBC}") = "Assembly-CSharp", "Assembly-CSharp.csproj", "{A3188134-3675-E33E-8BDF-A9C714B903C2}"
EndProject
Project("{FAE04EC0-301F-11D3-BF4B-00C04F79EFBC}") = "Assembly-CSharp-firstpass", "Assembly-CSharp-firstpass.csproj", "{62B0AF8A-1CDC-1770-B1C7-F9888C997D96}"
EndProject
Project("{FAE04EC0-301F-11D3-BF4B-00C04F79EFBC}") = "Assembly-CSharp-Editor", "Assembly-CSharp-Editor.csproj", "{A7EB7559-ACFD-F4C3-7EF8-D687DD9ACEA0}"
EndProject
Project("{FAE04EC0-301F-11D3-BF4B-00C04F79EFBC}") = "Assembly-CSharp-Editor-firstpass", "Assembly-CSharp-Editor-firstpass.csproj", "{005436DB-B565-DF40-AA17-7FB651E2A81E}"
EndProject
Global
	GlobalSection(SolutionConfigurationPlatforms) = preSolution
		Debug|Any CPU = Debug|Any CPU
		Release|Any CPU = Release|Any CPU
	EndGlobalSection
	GlobalSection(ProjectConfigurationPlatforms) = postSolution
		{A3188134-3675-E33E-8BDF-A9C714B903C2}.Debug|Any CPU.ActiveCfg = Debug|Any CPU
		{A3188134-3675-E33E-8BDF-A9C714B903C2}.Debug|Any CPU.Build.0 = Debug|Any CPU
		{A3188134-3675-E33E-8BDF-A9C714B903C2}.Release|Any CPU.ActiveCfg = Release|Any CPU
		{A3188134-3675-E33E-8BDF-A9C714B903C2}.Release|Any CPU.Build.0 = Release|Any CPU
		{62B0AF8A-1CDC-1770-B1C7-F9888C997D96}.Debug|Any CPU.ActiveCfg = Debug|Any CPU
		{62B0AF8A-1CDC-1770-B1C7-F9888C997D96}.Debug|Any CPU.Build.0 = Debug|Any CPU
		{62B0AF8A-1CDC-1770-B1C7-F9888C997D96}.Release|Any CPU.ActiveCfg = Release|Any CPU
		{62B0AF8A-1CDC-1770-B1C7-F9888C997D96}.Release|Any CPU.Build.0 = Release|Any CPU
		{A7EB7559-ACFD-F4C3-7EF8-D687DD9ACEA0}.Debug|Any CPU.ActiveCfg = Debug|Any CPU
		{A7EB7559-ACFD-F4C3-7EF8-D687DD9ACEA0}.Debug|Any CPU.Build.0 = Debug|Any CPU
		{A7EB7559-ACFD-F4C3-7EF8-D687DD9ACEA0}.Release|Any CPU.ActiveCfg = Release|Any CPU
		{A7EB7559-ACFD-F4C3-7EF8-D687DD9ACEA0}.Release|Any CPU.Build.0 = Release|Any CPU
		{005436DB-B565-DF40-AA17-7FB651E2A81E}.Debug|Any CPU.ActiveCfg = Debug|Any CPU
		{005436DB-B565-DF40-AA17-7FB651E2A81E}.Debug|Any CPU.Build.0 = Debug|Any CPU
		{005436DB-B565-DF40-AA17-7FB651E2A81E}.Release|Any CPU.ActiveCfg = Release|Any CPU
		{005436DB-B565-DF40-AA17-7FB651E2A81E}.Release|Any CPU.Build.0 = Release|Any CPU
	EndGlobalSection
	GlobalSection(SolutionProperties) = preSolution
		HideSolutionNode = FALSE
	EndGlobalSection
EndGlobal
